// !$*UTF8*$!
{
	archiveVersion = 1;
	classes = {
	};
	objectVersion = 56;
	objects = {

/* Begin PBXBuildFile section */
		55144A812C19A77000748AE5 /* MyBreathApp.swift in Sources */ = {isa = PBXBuildFile; fileRef = 55144A802C19A77000748AE5 /* MyBreathApp.swift */; };
		55144A832C19A77000748AE5 /* ContentView.swift in Sources */ = {isa = PBXBuildFile; fileRef = 55144A822C19A77000748AE5 /* ContentView.swift */; };
		55144A852C19A77100748AE5 /* Assets.xcassets in Resources */ = {isa = PBXBuildFile; fileRef = 55144A842C19A77100748AE5 /* Assets.xcassets */; };
		55144A882C19A77100748AE5 /* Preview Assets.xcassets in Resources */ = {isa = PBXBuildFile; fileRef = 55144A872C19A77100748AE5 /* Preview Assets.xcassets */; };
		55144A922C19A77100748AE5 /* MyBreathTests.swift in Sources */ = {isa = PBXBuildFile; fileRef = 55144A912C19A77100748AE5 /* MyBreathTests.swift */; };
		55144A9C2C19A77100748AE5 /* MyBreathUITests.swift in Sources */ = {isa = PBXBuildFile; fileRef = 55144A9B2C19A77100748AE5 /* MyBreathUITests.swift */; };
		55144A9E2C19A77100748AE5 /* MyBreathUITestsLaunchTests.swift in Sources */ = {isa = PBXBuildFile; fileRef = 55144A9D2C19A77100748AE5 /* MyBreathUITestsLaunchTests.swift */; };
		55144AAB2C19BE3700748AE5 /* DisplayMode.swift in Sources */ = {isa = PBXBuildFile; fileRef = 55144AAA2C19BE3700748AE5 /* DisplayMode.swift */; };
		55144AAE2C19BE6500748AE5 /* DisplayModeKey.swift in Sources */ = {isa = PBXBuildFile; fileRef = 55144AAD2C19BE6500748AE5 /* DisplayModeKey.swift */; };
		55144AB02C19BF0A00748AE5 /* DisplayModeModifier.swift in Sources */ = {isa = PBXBuildFile; fileRef = 55144AAF2C19BF0A00748AE5 /* DisplayModeModifier.swift */; };
		55144AB22C19BF6100748AE5 /* NormalStyle.swift in Sources */ = {isa = PBXBuildFile; fileRef = 55144AB12C19BF6100748AE5 /* NormalStyle.swift */; };
		55144AB42C19C06400748AE5 /* BigStyle.swift in Sources */ = {isa = PBXBuildFile; fileRef = 55144AB32C19C06400748AE5 /* BigStyle.swift */; };
		55144AB62C19C65F00748AE5 /* DisplayModeSelectorView.swift in Sources */ = {isa = PBXBuildFile; fileRef = 55144AB52C19C65F00748AE5 /* DisplayModeSelectorView.swift */; };
		55144AB82C19F6FF00748AE5 /* Package.swift in Sources */ = {isa = PBXBuildFile; fileRef = 55144AB72C19F6FF00748AE5 /* Package.swift */; };
		55144ABB2C19F8E500748AE5 /* SwiftSVG in Frameworks */ = {isa = PBXBuildFile; productRef = 55144ABA2C19F8E500748AE5 /* SwiftSVG */; };
		55144ABE2C19F9D300748AE5 /* logo.svg in Resources */ = {isa = PBXBuildFile; fileRef = 55144ABD2C19F9D300748AE5 /* logo.svg */; };
		554723A82C1B679800E72FD3 /* NavBarEnum.swift in Sources */ = {isa = PBXBuildFile; fileRef = 554723A72C1B679800E72FD3 /* NavBarEnum.swift */; };
		554723AC2C1B6BAD00E72FD3 /* HomeButton.swift in Sources */ = {isa = PBXBuildFile; fileRef = 554723AB2C1B6BAD00E72FD3 /* HomeButton.swift */; };
		554723AE2C1B6E0000E72FD3 /* NavigationBar.swift in Sources */ = {isa = PBXBuildFile; fileRef = 554723AD2C1B6E0000E72FD3 /* NavigationBar.swift */; };
		554723B02C1C5BF000E72FD3 /* NavigationBarFullTest.swift in Sources */ = {isa = PBXBuildFile; fileRef = 554723AF2C1C5BF000E72FD3 /* NavigationBarFullTest.swift */; };
		554723B22C1C6A0C00E72FD3 /* MainViewTest.swift in Sources */ = {isa = PBXBuildFile; fileRef = 554723B12C1C6A0C00E72FD3 /* MainViewTest.swift */; };
		554723B52C1C731700E72FD3 /* RandomPracticeForRelax.swift in Sources */ = {isa = PBXBuildFile; fileRef = 554723B42C1C731700E72FD3 /* RandomPracticeForRelax.swift */; };
		554723B72C1C732500E72FD3 /* RandomPracticeForFocus.swift in Sources */ = {isa = PBXBuildFile; fileRef = 554723B62C1C732500E72FD3 /* RandomPracticeForFocus.swift */; };
		554723B92C1C862700E72FD3 /* CreateButton.swift in Sources */ = {isa = PBXBuildFile; fileRef = 554723B82C1C862700E72FD3 /* CreateButton.swift */; };
		554723BB2C1C8DB900E72FD3 /* PracticeButton.swift in Sources */ = {isa = PBXBuildFile; fileRef = 554723BA2C1C8DB900E72FD3 /* PracticeButton.swift */; };
		554723BD2C1C8F7D00E72FD3 /* TestButton.swift in Sources */ = {isa = PBXBuildFile; fileRef = 554723BC2C1C8F7D00E72FD3 /* TestButton.swift */; };
		555450562C1A0B1400158A75 /* TextStyles.swift in Sources */ = {isa = PBXBuildFile; fileRef = 555450552C1A0B1400158A75 /* TextStyles.swift */; };
		5554505A2C1A0E0700158A75 /* NormalTextButton.swift in Sources */ = {isa = PBXBuildFile; fileRef = 555450592C1A0E0700158A75 /* NormalTextButton.swift */; };
		5554505C2C1A0E1B00158A75 /* BigTextButton.swift in Sources */ = {isa = PBXBuildFile; fileRef = 5554505B2C1A0E1B00158A75 /* BigTextButton.swift */; };
/* End PBXBuildFile section */

/* Begin PBXContainerItemProxy section */
		55144A8E2C19A77100748AE5 /* PBXContainerItemProxy */ = {
			isa = PBXContainerItemProxy;
			containerPortal = 55144A752C19A76F00748AE5 /* Project object */;
			proxyType = 1;
			remoteGlobalIDString = 55144A7C2C19A77000748AE5;
			remoteInfo = MyBreath;
		};
		55144A982C19A77100748AE5 /* PBXContainerItemProxy */ = {
			isa = PBXContainerItemProxy;
			containerPortal = 55144A752C19A76F00748AE5 /* Project object */;
			proxyType = 1;
			remoteGlobalIDString = 55144A7C2C19A77000748AE5;
			remoteInfo = MyBreath;
		};
/* End PBXContainerItemProxy section */

/* Begin PBXFileReference section */
		55144A7D2C19A77000748AE5 /* MyBreath.app */ = {isa = PBXFileReference; explicitFileType = wrapper.application; includeInIndex = 0; path = MyBreath.app; sourceTree = BUILT_PRODUCTS_DIR; };
		55144A802C19A77000748AE5 /* MyBreathApp.swift */ = {isa = PBXFileReference; lastKnownFileType = sourcecode.swift; path = MyBreathApp.swift; sourceTree = "<group>"; };
		55144A822C19A77000748AE5 /* ContentView.swift */ = {isa = PBXFileReference; lastKnownFileType = sourcecode.swift; path = ContentView.swift; sourceTree = "<group>"; xcLanguageSpecificationIdentifier = xcode.lang.swift; };
		55144A842C19A77100748AE5 /* Assets.xcassets */ = {isa = PBXFileReference; lastKnownFileType = folder.assetcatalog; path = Assets.xcassets; sourceTree = "<group>"; };
		55144A872C19A77100748AE5 /* Preview Assets.xcassets */ = {isa = PBXFileReference; lastKnownFileType = folder.assetcatalog; path = "Preview Assets.xcassets"; sourceTree = "<group>"; };
		55144A8D2C19A77100748AE5 /* MyBreathTests.xctest */ = {isa = PBXFileReference; explicitFileType = wrapper.cfbundle; includeInIndex = 0; path = MyBreathTests.xctest; sourceTree = BUILT_PRODUCTS_DIR; };
		55144A912C19A77100748AE5 /* MyBreathTests.swift */ = {isa = PBXFileReference; lastKnownFileType = sourcecode.swift; path = MyBreathTests.swift; sourceTree = "<group>"; };
		55144A972C19A77100748AE5 /* MyBreathUITests.xctest */ = {isa = PBXFileReference; explicitFileType = wrapper.cfbundle; includeInIndex = 0; path = MyBreathUITests.xctest; sourceTree = BUILT_PRODUCTS_DIR; };
		55144A9B2C19A77100748AE5 /* MyBreathUITests.swift */ = {isa = PBXFileReference; lastKnownFileType = sourcecode.swift; path = MyBreathUITests.swift; sourceTree = "<group>"; };
		55144A9D2C19A77100748AE5 /* MyBreathUITestsLaunchTests.swift */ = {isa = PBXFileReference; lastKnownFileType = sourcecode.swift; path = MyBreathUITestsLaunchTests.swift; sourceTree = "<group>"; };
		55144AAA2C19BE3700748AE5 /* DisplayMode.swift */ = {isa = PBXFileReference; lastKnownFileType = sourcecode.swift; path = DisplayMode.swift; sourceTree = "<group>"; };
		55144AAD2C19BE6500748AE5 /* DisplayModeKey.swift */ = {isa = PBXFileReference; lastKnownFileType = sourcecode.swift; path = DisplayModeKey.swift; sourceTree = "<group>"; };
		55144AAF2C19BF0A00748AE5 /* DisplayModeModifier.swift */ = {isa = PBXFileReference; lastKnownFileType = sourcecode.swift; path = DisplayModeModifier.swift; sourceTree = "<group>"; };
		55144AB12C19BF6100748AE5 /* NormalStyle.swift */ = {isa = PBXFileReference; lastKnownFileType = sourcecode.swift; path = NormalStyle.swift; sourceTree = "<group>"; };
		55144AB32C19C06400748AE5 /* BigStyle.swift */ = {isa = PBXFileReference; lastKnownFileType = sourcecode.swift; path = BigStyle.swift; sourceTree = "<group>"; };
		55144AB52C19C65F00748AE5 /* DisplayModeSelectorView.swift */ = {isa = PBXFileReference; lastKnownFileType = sourcecode.swift; path = DisplayModeSelectorView.swift; sourceTree = "<group>"; };
		55144AB72C19F6FF00748AE5 /* Package.swift */ = {isa = PBXFileReference; lastKnownFileType = sourcecode.swift; path = Package.swift; sourceTree = "<group>"; };
		55144ABD2C19F9D300748AE5 /* logo.svg */ = {isa = PBXFileReference; fileEncoding = 4; lastKnownFileType = text; path = logo.svg; sourceTree = "<group>"; };
		554723A72C1B679800E72FD3 /* NavBarEnum.swift */ = {isa = PBXFileReference; lastKnownFileType = sourcecode.swift; path = NavBarEnum.swift; sourceTree = "<group>"; };
		554723AB2C1B6BAD00E72FD3 /* HomeButton.swift */ = {isa = PBXFileReference; lastKnownFileType = sourcecode.swift; path = HomeButton.swift; sourceTree = "<group>"; };
		554723AD2C1B6E0000E72FD3 /* NavigationBar.swift */ = {isa = PBXFileReference; lastKnownFileType = sourcecode.swift; path = NavigationBar.swift; sourceTree = "<group>"; };
		554723AF2C1C5BF000E72FD3 /* NavigationBarFullTest.swift */ = {isa = PBXFileReference; lastKnownFileType = sourcecode.swift; path = NavigationBarFullTest.swift; sourceTree = "<group>"; };
		554723B12C1C6A0C00E72FD3 /* MainViewTest.swift */ = {isa = PBXFileReference; lastKnownFileType = sourcecode.swift; path = MainViewTest.swift; sourceTree = "<group>"; };
		554723B42C1C731700E72FD3 /* RandomPracticeForRelax.swift */ = {isa = PBXFileReference; lastKnownFileType = sourcecode.swift; path = RandomPracticeForRelax.swift; sourceTree = "<group>"; };
		554723B62C1C732500E72FD3 /* RandomPracticeForFocus.swift */ = {isa = PBXFileReference; lastKnownFileType = sourcecode.swift; path = RandomPracticeForFocus.swift; sourceTree = "<group>"; };
		554723B82C1C862700E72FD3 /* CreateButton.swift */ = {isa = PBXFileReference; lastKnownFileType = sourcecode.swift; path = CreateButton.swift; sourceTree = "<group>"; };
		554723BA2C1C8DB900E72FD3 /* PracticeButton.swift */ = {isa = PBXFileReference; lastKnownFileType = sourcecode.swift; path = PracticeButton.swift; sourceTree = "<group>"; };
		554723BC2C1C8F7D00E72FD3 /* TestButton.swift */ = {isa = PBXFileReference; lastKnownFileType = sourcecode.swift; path = TestButton.swift; sourceTree = "<group>"; };
		555450552C1A0B1400158A75 /* TextStyles.swift */ = {isa = PBXFileReference; lastKnownFileType = sourcecode.swift; path = TextStyles.swift; sourceTree = "<group>"; };
		555450592C1A0E0700158A75 /* NormalTextButton.swift */ = {isa = PBXFileReference; lastKnownFileType = sourcecode.swift; path = NormalTextButton.swift; sourceTree = "<group>"; };
		5554505B2C1A0E1B00158A75 /* BigTextButton.swift */ = {isa = PBXFileReference; lastKnownFileType = sourcecode.swift; path = BigTextButton.swift; sourceTree = "<group>"; };
/* End PBXFileReference section */

/* Begin PBXFrameworksBuildPhase section */
		55144A7A2C19A77000748AE5 /* Frameworks */ = {
			isa = PBXFrameworksBuildPhase;
			buildActionMask = 2147483647;
			files = (
				55144ABB2C19F8E500748AE5 /* SwiftSVG in Frameworks */,
			);
			runOnlyForDeploymentPostprocessing = 0;
		};
		55144A8A2C19A77100748AE5 /* Frameworks */ = {
			isa = PBXFrameworksBuildPhase;
			buildActionMask = 2147483647;
			files = (
			);
			runOnlyForDeploymentPostprocessing = 0;
		};
		55144A942C19A77100748AE5 /* Frameworks */ = {
			isa = PBXFrameworksBuildPhase;
			buildActionMask = 2147483647;
			files = (
			);
			runOnlyForDeploymentPostprocessing = 0;
		};
/* End PBXFrameworksBuildPhase section */

/* Begin PBXGroup section */
		55144A742C19A76F00748AE5 = {
			isa = PBXGroup;
			children = (
				55144A7F2C19A77000748AE5 /* MyBreath */,
				55144A902C19A77100748AE5 /* MyBreathTests */,
				55144A9A2C19A77100748AE5 /* MyBreathUITests */,
				55144A7E2C19A77000748AE5 /* Products */,
			);
			sourceTree = "<group>";
		};
		55144A7E2C19A77000748AE5 /* Products */ = {
			isa = PBXGroup;
			children = (
				55144A7D2C19A77000748AE5 /* MyBreath.app */,
				55144A8D2C19A77100748AE5 /* MyBreathTests.xctest */,
				55144A972C19A77100748AE5 /* MyBreathUITests.xctest */,
			);
			name = Products;
			sourceTree = "<group>";
		};
		55144A7F2C19A77000748AE5 /* MyBreath */ = {
			isa = PBXGroup;
			children = (
				55144A802C19A77000748AE5 /* MyBreathApp.swift */,
				55144A822C19A77000748AE5 /* ContentView.swift */,
				55144AB52C19C65F00748AE5 /* DisplayModeSelectorView.swift */,
				554723B12C1C6A0C00E72FD3 /* MainViewTest.swift */,
				554723B32C1C72D400E72FD3 /* MainDetails */,
				554723A22C1B5E2300E72FD3 /* NavigationBar */,
				555450572C1A0B2100158A75 /* Styles */,
				55144AAC2C19BE5200748AE5 /* DisplayMods */,
				55144A842C19A77100748AE5 /* Assets.xcassets */,
				55144ABC2C19F95A00748AE5 /* SVG */,
				55144AB72C19F6FF00748AE5 /* Package.swift */,
				55144A862C19A77100748AE5 /* Preview Content */,
			);
			path = MyBreath;
			sourceTree = "<group>";
		};
		55144A862C19A77100748AE5 /* Preview Content */ = {
			isa = PBXGroup;
			children = (
				55144A872C19A77100748AE5 /* Preview Assets.xcassets */,
			);
			path = "Preview Content";
			sourceTree = "<group>";
		};
		55144A902C19A77100748AE5 /* MyBreathTests */ = {
			isa = PBXGroup;
			children = (
				55144A912C19A77100748AE5 /* MyBreathTests.swift */,
			);
			path = MyBreathTests;
			sourceTree = "<group>";
		};
		55144A9A2C19A77100748AE5 /* MyBreathUITests */ = {
			isa = PBXGroup;
			children = (
				55144A9B2C19A77100748AE5 /* MyBreathUITests.swift */,
				55144A9D2C19A77100748AE5 /* MyBreathUITestsLaunchTests.swift */,
			);
			path = MyBreathUITests;
			sourceTree = "<group>";
		};
		55144AAC2C19BE5200748AE5 /* DisplayMods */ = {
			isa = PBXGroup;
			children = (
				55144AAA2C19BE3700748AE5 /* DisplayMode.swift */,
				55144AAD2C19BE6500748AE5 /* DisplayModeKey.swift */,
				55144AAF2C19BF0A00748AE5 /* DisplayModeModifier.swift */,
				55144AB12C19BF6100748AE5 /* NormalStyle.swift */,
				55144AB32C19C06400748AE5 /* BigStyle.swift */,
			);
			path = DisplayMods;
			sourceTree = "<group>";
		};
		55144ABC2C19F95A00748AE5 /* SVG */ = {
			isa = PBXGroup;
			children = (
				55144ABD2C19F9D300748AE5 /* logo.svg */,
			);
			path = SVG;
			sourceTree = "<group>";
		};
		554723A22C1B5E2300E72FD3 /* NavigationBar */ = {
			isa = PBXGroup;
			children = (
				554723A72C1B679800E72FD3 /* NavBarEnum.swift */,
				554723AB2C1B6BAD00E72FD3 /* HomeButton.swift */,
				554723B82C1C862700E72FD3 /* CreateButton.swift */,
				554723BA2C1C8DB900E72FD3 /* PracticeButton.swift */,
				554723BC2C1C8F7D00E72FD3 /* TestButton.swift */,
				554723AD2C1B6E0000E72FD3 /* NavigationBar.swift */,
				554723AF2C1C5BF000E72FD3 /* NavigationBarFullTest.swift */,
			);
			path = NavigationBar;
			sourceTree = "<group>";
		};
		554723B32C1C72D400E72FD3 /* MainDetails */ = {
			isa = PBXGroup;
			children = (
				554723B42C1C731700E72FD3 /* RandomPracticeForRelax.swift */,
				554723B62C1C732500E72FD3 /* RandomPracticeForFocus.swift */,
			);
			path = MainDetails;
			sourceTree = "<group>";
		};
		555450572C1A0B2100158A75 /* Styles */ = {
			isa = PBXGroup;
			children = (
				555450582C1A0DE500158A75 /* ButtonsStyles */,
				555450552C1A0B1400158A75 /* TextStyles.swift */,
			);
			path = Styles;
			sourceTree = "<group>";
		};
		555450582C1A0DE500158A75 /* ButtonsStyles */ = {
			isa = PBXGroup;
			children = (
				555450592C1A0E0700158A75 /* NormalTextButton.swift */,
				5554505B2C1A0E1B00158A75 /* BigTextButton.swift */,
			);
			path = ButtonsStyles;
			sourceTree = "<group>";
		};
/* End PBXGroup section */

/* Begin PBXNativeTarget section */
		55144A7C2C19A77000748AE5 /* MyBreath */ = {
			isa = PBXNativeTarget;
			buildConfigurationList = 55144AA12C19A77100748AE5 /* Build configuration list for PBXNativeTarget "MyBreath" */;
			buildPhases = (
				55144A792C19A77000748AE5 /* Sources */,
				55144A7A2C19A77000748AE5 /* Frameworks */,
				55144A7B2C19A77000748AE5 /* Resources */,
			);
			buildRules = (
			);
			dependencies = (
			);
			name = MyBreath;
			packageProductDependencies = (
				55144ABA2C19F8E500748AE5 /* SwiftSVG */,
			);
			productName = MyBreath;
			productReference = 55144A7D2C19A77000748AE5 /* MyBreath.app */;
			productType = "com.apple.product-type.application";
		};
		55144A8C2C19A77100748AE5 /* MyBreathTests */ = {
			isa = PBXNativeTarget;
			buildConfigurationList = 55144AA42C19A77100748AE5 /* Build configuration list for PBXNativeTarget "MyBreathTests" */;
			buildPhases = (
				55144A892C19A77100748AE5 /* Sources */,
				55144A8A2C19A77100748AE5 /* Frameworks */,
				55144A8B2C19A77100748AE5 /* Resources */,
			);
			buildRules = (
			);
			dependencies = (
				55144A8F2C19A77100748AE5 /* PBXTargetDependency */,
			);
			name = MyBreathTests;
			productName = MyBreathTests;
			productReference = 55144A8D2C19A77100748AE5 /* MyBreathTests.xctest */;
			productType = "com.apple.product-type.bundle.unit-test";
		};
		55144A962C19A77100748AE5 /* MyBreathUITests */ = {
			isa = PBXNativeTarget;
			buildConfigurationList = 55144AA72C19A77100748AE5 /* Build configuration list for PBXNativeTarget "MyBreathUITests" */;
			buildPhases = (
				55144A932C19A77100748AE5 /* Sources */,
				55144A942C19A77100748AE5 /* Frameworks */,
				55144A952C19A77100748AE5 /* Resources */,
			);
			buildRules = (
			);
			dependencies = (
				55144A992C19A77100748AE5 /* PBXTargetDependency */,
			);
			name = MyBreathUITests;
			productName = MyBreathUITests;
			productReference = 55144A972C19A77100748AE5 /* MyBreathUITests.xctest */;
			productType = "com.apple.product-type.bundle.ui-testing";
		};
/* End PBXNativeTarget section */

/* Begin PBXProject section */
		55144A752C19A76F00748AE5 /* Project object */ = {
			isa = PBXProject;
			attributes = {
				BuildIndependentTargetsInParallel = 1;
				LastSwiftUpdateCheck = 1540;
				LastUpgradeCheck = 1540;
				TargetAttributes = {
					55144A7C2C19A77000748AE5 = {
						CreatedOnToolsVersion = 15.4;
					};
					55144A8C2C19A77100748AE5 = {
						CreatedOnToolsVersion = 15.4;
						TestTargetID = 55144A7C2C19A77000748AE5;
					};
					55144A962C19A77100748AE5 = {
						CreatedOnToolsVersion = 15.4;
						TestTargetID = 55144A7C2C19A77000748AE5;
					};
				};
			};
			buildConfigurationList = 55144A782C19A76F00748AE5 /* Build configuration list for PBXProject "MyBreath" */;
			compatibilityVersion = "Xcode 14.0";
			developmentRegion = en;
			hasScannedForEncodings = 0;
			knownRegions = (
				en,
				Base,
			);
			mainGroup = 55144A742C19A76F00748AE5;
			packageReferences = (
				55144AB92C19F8E500748AE5 /* XCRemoteSwiftPackageReference "SwiftSVG" */,
			);
			productRefGroup = 55144A7E2C19A77000748AE5 /* Products */;
			projectDirPath = "";
			projectRoot = "";
			targets = (
				55144A7C2C19A77000748AE5 /* MyBreath */,
				55144A8C2C19A77100748AE5 /* MyBreathTests */,
				55144A962C19A77100748AE5 /* MyBreathUITests */,
			);
		};
/* End PBXProject section */

/* Begin PBXResourcesBuildPhase section */
		55144A7B2C19A77000748AE5 /* Resources */ = {
			isa = PBXResourcesBuildPhase;
			buildActionMask = 2147483647;
			files = (
				55144A882C19A77100748AE5 /* Preview Assets.xcassets in Resources */,
				55144ABE2C19F9D300748AE5 /* logo.svg in Resources */,
				55144A852C19A77100748AE5 /* Assets.xcassets in Resources */,
			);
			runOnlyForDeploymentPostprocessing = 0;
		};
		55144A8B2C19A77100748AE5 /* Resources */ = {
			isa = PBXResourcesBuildPhase;
			buildActionMask = 2147483647;
			files = (
			);
			runOnlyForDeploymentPostprocessing = 0;
		};
		55144A952C19A77100748AE5 /* Resources */ = {
			isa = PBXResourcesBuildPhase;
			buildActionMask = 2147483647;
			files = (
			);
			runOnlyForDeploymentPostprocessing = 0;
		};
/* End PBXResourcesBuildPhase section */

/* Begin PBXSourcesBuildPhase section */
		55144A792C19A77000748AE5 /* Sources */ = {
			isa = PBXSourcesBuildPhase;
			buildActionMask = 2147483647;
			files = (
				554723A82C1B679800E72FD3 /* NavBarEnum.swift in Sources */,
				554723B92C1C862700E72FD3 /* CreateButton.swift in Sources */,
				55144AB22C19BF6100748AE5 /* NormalStyle.swift in Sources */,
				554723BD2C1C8F7D00E72FD3 /* TestButton.swift in Sources */,
				554723B02C1C5BF000E72FD3 /* NavigationBarFullTest.swift in Sources */,
				554723AE2C1B6E0000E72FD3 /* NavigationBar.swift in Sources */,
				55144AAB2C19BE3700748AE5 /* DisplayMode.swift in Sources */,
				555450562C1A0B1400158A75 /* TextStyles.swift in Sources */,
				55144A832C19A77000748AE5 /* ContentView.swift in Sources */,
				55144AB82C19F6FF00748AE5 /* Package.swift in Sources */,
				55144A812C19A77000748AE5 /* MyBreathApp.swift in Sources */,
				55144AAE2C19BE6500748AE5 /* DisplayModeKey.swift in Sources */,
				554723B72C1C732500E72FD3 /* RandomPracticeForFocus.swift in Sources */,
				55144AB02C19BF0A00748AE5 /* DisplayModeModifier.swift in Sources */,
				5554505A2C1A0E0700158A75 /* NormalTextButton.swift in Sources */,
				5554505C2C1A0E1B00158A75 /* BigTextButton.swift in Sources */,
				55144AB42C19C06400748AE5 /* BigStyle.swift in Sources */,
				554723BB2C1C8DB900E72FD3 /* PracticeButton.swift in Sources */,
				554723B52C1C731700E72FD3 /* RandomPracticeForRelax.swift in Sources */,
				554723AC2C1B6BAD00E72FD3 /* HomeButton.swift in Sources */,
				55144AB62C19C65F00748AE5 /* DisplayModeSelectorView.swift in Sources */,
				554723B22C1C6A0C00E72FD3 /* MainViewTest.swift in Sources */,
			);
			runOnlyForDeploymentPostprocessing = 0;
		};
		55144A892C19A77100748AE5 /* Sources */ = {
			isa = PBXSourcesBuildPhase;
			buildActionMask = 2147483647;
			files = (
				55144A922C19A77100748AE5 /* MyBreathTests.swift in Sources */,
			);
			runOnlyForDeploymentPostprocessing = 0;
		};
		55144A932C19A77100748AE5 /* Sources */ = {
			isa = PBXSourcesBuildPhase;
			buildActionMask = 2147483647;
			files = (
				55144A9E2C19A77100748AE5 /* MyBreathUITestsLaunchTests.swift in Sources */,
				55144A9C2C19A77100748AE5 /* MyBreathUITests.swift in Sources */,
			);
			runOnlyForDeploymentPostprocessing = 0;
		};
/* End PBXSourcesBuildPhase section */

/* Begin PBXTargetDependency section */
		55144A8F2C19A77100748AE5 /* PBXTargetDependency */ = {
			isa = PBXTargetDependency;
			target = 55144A7C2C19A77000748AE5 /* MyBreath */;
			targetProxy = 55144A8E2C19A77100748AE5 /* PBXContainerItemProxy */;
		};
		55144A992C19A77100748AE5 /* PBXTargetDependency */ = {
			isa = PBXTargetDependency;
			target = 55144A7C2C19A77000748AE5 /* MyBreath */;
			targetProxy = 55144A982C19A77100748AE5 /* PBXContainerItemProxy */;
		};
/* End PBXTargetDependency section */

/* Begin XCBuildConfiguration section */
		55144A9F2C19A77100748AE5 /* Debug */ = {
			isa = XCBuildConfiguration;
			buildSettings = {
				ALWAYS_SEARCH_USER_PATHS = NO;
				ASSETCATALOG_COMPILER_GENERATE_SWIFT_ASSET_SYMBOL_EXTENSIONS = YES;
				CLANG_ANALYZER_NONNULL = YES;
				CLANG_ANALYZER_NUMBER_OBJECT_CONVERSION = YES_AGGRESSIVE;
				CLANG_CXX_LANGUAGE_STANDARD = "gnu++20";
				CLANG_ENABLE_MODULES = YES;
				CLANG_ENABLE_OBJC_ARC = YES;
				CLANG_ENABLE_OBJC_WEAK = YES;
				CLANG_WARN_BLOCK_CAPTURE_AUTORELEASING = YES;
				CLANG_WARN_BOOL_CONVERSION = YES;
				CLANG_WARN_COMMA = YES;
				CLANG_WARN_CONSTANT_CONVERSION = YES;
				CLANG_WARN_DEPRECATED_OBJC_IMPLEMENTATIONS = YES;
				CLANG_WARN_DIRECT_OBJC_ISA_USAGE = YES_ERROR;
				CLANG_WARN_DOCUMENTATION_COMMENTS = YES;
				CLANG_WARN_EMPTY_BODY = YES;
				CLANG_WARN_ENUM_CONVERSION = YES;
				CLANG_WARN_INFINITE_RECURSION = YES;
				CLANG_WARN_INT_CONVERSION = YES;
				CLANG_WARN_NON_LITERAL_NULL_CONVERSION = YES;
				CLANG_WARN_OBJC_IMPLICIT_RETAIN_SELF = YES;
				CLANG_WARN_OBJC_LITERAL_CONVERSION = YES;
				CLANG_WARN_OBJC_ROOT_CLASS = YES_ERROR;
				CLANG_WARN_QUOTED_INCLUDE_IN_FRAMEWORK_HEADER = YES;
				CLANG_WARN_RANGE_LOOP_ANALYSIS = YES;
				CLANG_WARN_STRICT_PROTOTYPES = YES;
				CLANG_WARN_SUSPICIOUS_MOVE = YES;
				CLANG_WARN_UNGUARDED_AVAILABILITY = YES_AGGRESSIVE;
				CLANG_WARN_UNREACHABLE_CODE = YES;
				CLANG_WARN__DUPLICATE_METHOD_MATCH = YES;
				COPY_PHASE_STRIP = NO;
				DEBUG_INFORMATION_FORMAT = dwarf;
				ENABLE_STRICT_OBJC_MSGSEND = YES;
				ENABLE_TESTABILITY = YES;
				ENABLE_USER_SCRIPT_SANDBOXING = YES;
				GCC_C_LANGUAGE_STANDARD = gnu17;
				GCC_DYNAMIC_NO_PIC = NO;
				GCC_NO_COMMON_BLOCKS = YES;
				GCC_OPTIMIZATION_LEVEL = 0;
				GCC_PREPROCESSOR_DEFINITIONS = (
					"DEBUG=1",
					"$(inherited)",
				);
				GCC_WARN_64_TO_32_BIT_CONVERSION = YES;
				GCC_WARN_ABOUT_RETURN_TYPE = YES_ERROR;
				GCC_WARN_UNDECLARED_SELECTOR = YES;
				GCC_WARN_UNINITIALIZED_AUTOS = YES_AGGRESSIVE;
				GCC_WARN_UNUSED_FUNCTION = YES;
				GCC_WARN_UNUSED_VARIABLE = YES;
				IPHONEOS_DEPLOYMENT_TARGET = 17.5;
				LOCALIZATION_PREFERS_STRING_CATALOGS = YES;
				MTL_ENABLE_DEBUG_INFO = INCLUDE_SOURCE;
				MTL_FAST_MATH = YES;
				ONLY_ACTIVE_ARCH = YES;
				SDKROOT = iphoneos;
				SWIFT_ACTIVE_COMPILATION_CONDITIONS = "DEBUG $(inherited)";
				SWIFT_OPTIMIZATION_LEVEL = "-Onone";
			};
			name = Debug;
		};
		55144AA02C19A77100748AE5 /* Release */ = {
			isa = XCBuildConfiguration;
			buildSettings = {
				ALWAYS_SEARCH_USER_PATHS = NO;
				ASSETCATALOG_COMPILER_GENERATE_SWIFT_ASSET_SYMBOL_EXTENSIONS = YES;
				CLANG_ANALYZER_NONNULL = YES;
				CLANG_ANALYZER_NUMBER_OBJECT_CONVERSION = YES_AGGRESSIVE;
				CLANG_CXX_LANGUAGE_STANDARD = "gnu++20";
				CLANG_ENABLE_MODULES = YES;
				CLANG_ENABLE_OBJC_ARC = YES;
				CLANG_ENABLE_OBJC_WEAK = YES;
				CLANG_WARN_BLOCK_CAPTURE_AUTORELEASING = YES;
				CLANG_WARN_BOOL_CONVERSION = YES;
				CLANG_WARN_COMMA = YES;
				CLANG_WARN_CONSTANT_CONVERSION = YES;
				CLANG_WARN_DEPRECATED_OBJC_IMPLEMENTATIONS = YES;
				CLANG_WARN_DIRECT_OBJC_ISA_USAGE = YES_ERROR;
				CLANG_WARN_DOCUMENTATION_COMMENTS = YES;
				CLANG_WARN_EMPTY_BODY = YES;
				CLANG_WARN_ENUM_CONVERSION = YES;
				CLANG_WARN_INFINITE_RECURSION = YES;
				CLANG_WARN_INT_CONVERSION = YES;
				CLANG_WARN_NON_LITERAL_NULL_CONVERSION = YES;
				CLANG_WARN_OBJC_IMPLICIT_RETAIN_SELF = YES;
				CLANG_WARN_OBJC_LITERAL_CONVERSION = YES;
				CLANG_WARN_OBJC_ROOT_CLASS = YES_ERROR;
				CLANG_WARN_QUOTED_INCLUDE_IN_FRAMEWORK_HEADER = YES;
				CLANG_WARN_RANGE_LOOP_ANALYSIS = YES;
				CLANG_WARN_STRICT_PROTOTYPES = YES;
				CLANG_WARN_SUSPICIOUS_MOVE = YES;
				CLANG_WARN_UNGUARDED_AVAILABILITY = YES_AGGRESSIVE;
				CLANG_WARN_UNREACHABLE_CODE = YES;
				CLANG_WARN__DUPLICATE_METHOD_MATCH = YES;
				COPY_PHASE_STRIP = NO;
				DEBUG_INFORMATION_FORMAT = "dwarf-with-dsym";
				ENABLE_NS_ASSERTIONS = NO;
				ENABLE_STRICT_OBJC_MSGSEND = YES;
				ENABLE_USER_SCRIPT_SANDBOXING = YES;
				GCC_C_LANGUAGE_STANDARD = gnu17;
				GCC_NO_COMMON_BLOCKS = YES;
				GCC_WARN_64_TO_32_BIT_CONVERSION = YES;
				GCC_WARN_ABOUT_RETURN_TYPE = YES_ERROR;
				GCC_WARN_UNDECLARED_SELECTOR = YES;
				GCC_WARN_UNINITIALIZED_AUTOS = YES_AGGRESSIVE;
				GCC_WARN_UNUSED_FUNCTION = YES;
				GCC_WARN_UNUSED_VARIABLE = YES;
				IPHONEOS_DEPLOYMENT_TARGET = 17.5;
				LOCALIZATION_PREFERS_STRING_CATALOGS = YES;
				MTL_ENABLE_DEBUG_INFO = NO;
				MTL_FAST_MATH = YES;
				SDKROOT = iphoneos;
				SWIFT_COMPILATION_MODE = wholemodule;
				VALIDATE_PRODUCT = YES;
			};
			name = Release;
		};
		55144AA22C19A77100748AE5 /* Debug */ = {
			isa = XCBuildConfiguration;
			buildSettings = {
				ASSETCATALOG_COMPILER_APPICON_NAME = AppIcon;
				ASSETCATALOG_COMPILER_GLOBAL_ACCENT_COLOR_NAME = AccentColor;
				CODE_SIGN_STYLE = Automatic;
				CURRENT_PROJECT_VERSION = 1;
				DEVELOPMENT_ASSET_PATHS = "\"MyBreath/Preview Content\"";
				ENABLE_PREVIEWS = YES;
				GENERATE_INFOPLIST_FILE = YES;
				INFOPLIST_KEY_UIApplicationSceneManifest_Generation = YES;
				INFOPLIST_KEY_UIApplicationSupportsIndirectInputEvents = YES;
				INFOPLIST_KEY_UILaunchScreen_Generation = YES;
				INFOPLIST_KEY_UISupportedInterfaceOrientations_iPad = "UIInterfaceOrientationPortrait UIInterfaceOrientationPortraitUpsideDown UIInterfaceOrientationLandscapeLeft UIInterfaceOrientationLandscapeRight";
				INFOPLIST_KEY_UISupportedInterfaceOrientations_iPhone = "UIInterfaceOrientationPortrait UIInterfaceOrientationLandscapeLeft UIInterfaceOrientationLandscapeRight";
				LD_RUNPATH_SEARCH_PATHS = (
					"$(inherited)",
					"@executable_path/Frameworks",
				);
				MARKETING_VERSION = 1.0;
				PRODUCT_BUNDLE_IDENTIFIER = LongJorney.MyBreath;
				PRODUCT_NAME = "$(TARGET_NAME)";
				SWIFT_EMIT_LOC_STRINGS = YES;
				SWIFT_VERSION = 5.0;
				TARGETED_DEVICE_FAMILY = "1,2";
			};
			name = Debug;
		};
		55144AA32C19A77100748AE5 /* Release */ = {
			isa = XCBuildConfiguration;
			buildSettings = {
				ASSETCATALOG_COMPILER_APPICON_NAME = AppIcon;
				ASSETCATALOG_COMPILER_GLOBAL_ACCENT_COLOR_NAME = AccentColor;
				CODE_SIGN_STYLE = Automatic;
				CURRENT_PROJECT_VERSION = 1;
				DEVELOPMENT_ASSET_PATHS = "\"MyBreath/Preview Content\"";
				ENABLE_PREVIEWS = YES;
				GENERATE_INFOPLIST_FILE = YES;
				INFOPLIST_KEY_UIApplicationSceneManifest_Generation = YES;
				INFOPLIST_KEY_UIApplicationSupportsIndirectInputEvents = YES;
				INFOPLIST_KEY_UILaunchScreen_Generation = YES;
				INFOPLIST_KEY_UISupportedInterfaceOrientations_iPad = "UIInterfaceOrientationPortrait UIInterfaceOrientationPortraitUpsideDown UIInterfaceOrientationLandscapeLeft UIInterfaceOrientationLandscapeRight";
				INFOPLIST_KEY_UISupportedInterfaceOrientations_iPhone = "UIInterfaceOrientationPortrait UIInterfaceOrientationLandscapeLeft UIInterfaceOrientationLandscapeRight";
				LD_RUNPATH_SEARCH_PATHS = (
					"$(inherited)",
					"@executable_path/Frameworks",
				);
				MARKETING_VERSION = 1.0;
				PRODUCT_BUNDLE_IDENTIFIER = LongJorney.MyBreath;
				PRODUCT_NAME = "$(TARGET_NAME)";
				SWIFT_EMIT_LOC_STRINGS = YES;
				SWIFT_VERSION = 5.0;
				TARGETED_DEVICE_FAMILY = "1,2";
			};
			name = Release;
		};
		55144AA52C19A77100748AE5 /* Debug */ = {
			isa = XCBuildConfiguration;
			buildSettings = {
				ALWAYS_EMBED_SWIFT_STANDARD_LIBRARIES = YES;
				BUNDLE_LOADER = "$(TEST_HOST)";
				CODE_SIGN_STYLE = Automatic;
				CURRENT_PROJECT_VERSION = 1;
				GENERATE_INFOPLIST_FILE = YES;
				IPHONEOS_DEPLOYMENT_TARGET = 17.5;
				MARKETING_VERSION = 1.0;
				PRODUCT_BUNDLE_IDENTIFIER = LongJorney.MyBreathTests;
				PRODUCT_NAME = "$(TARGET_NAME)";
				SWIFT_EMIT_LOC_STRINGS = NO;
				SWIFT_VERSION = 5.0;
				TARGETED_DEVICE_FAMILY = "1,2";
				TEST_HOST = "$(BUILT_PRODUCTS_DIR)/MyBreath.app/$(BUNDLE_EXECUTABLE_FOLDER_PATH)/MyBreath";
			};
			name = Debug;
		};
		55144AA62C19A77100748AE5 /* Release */ = {
			isa = XCBuildConfiguration;
			buildSettings = {
				ALWAYS_EMBED_SWIFT_STANDARD_LIBRARIES = YES;
				BUNDLE_LOADER = "$(TEST_HOST)";
				CODE_SIGN_STYLE = Automatic;
				CURRENT_PROJECT_VERSION = 1;
				GENERATE_INFOPLIST_FILE = YES;
				IPHONEOS_DEPLOYMENT_TARGET = 17.5;
				MARKETING_VERSION = 1.0;
				PRODUCT_BUNDLE_IDENTIFIER = LongJorney.MyBreathTests;
				PRODUCT_NAME = "$(TARGET_NAME)";
				SWIFT_EMIT_LOC_STRINGS = NO;
				SWIFT_VERSION = 5.0;
				TARGETED_DEVICE_FAMILY = "1,2";
				TEST_HOST = "$(BUILT_PRODUCTS_DIR)/MyBreath.app/$(BUNDLE_EXECUTABLE_FOLDER_PATH)/MyBreath";
			};
			name = Release;
		};
		55144AA82C19A77100748AE5 /* Debug */ = {
			isa = XCBuildConfiguration;
			buildSettings = {
				ALWAYS_EMBED_SWIFT_STANDARD_LIBRARIES = YES;
				CODE_SIGN_STYLE = Automatic;
				CURRENT_PROJECT_VERSION = 1;
				GENERATE_INFOPLIST_FILE = YES;
				MARKETING_VERSION = 1.0;
				PRODUCT_BUNDLE_IDENTIFIER = LongJorney.MyBreathUITests;
				PRODUCT_NAME = "$(TARGET_NAME)";
				SWIFT_EMIT_LOC_STRINGS = NO;
				SWIFT_VERSION = 5.0;
				TARGETED_DEVICE_FAMILY = "1,2";
				TEST_TARGET_NAME = MyBreath;
			};
			name = Debug;
		};
		55144AA92C19A77100748AE5 /* Release */ = {
			isa = XCBuildConfiguration;
			buildSettings = {
				ALWAYS_EMBED_SWIFT_STANDARD_LIBRARIES = YES;
				CODE_SIGN_STYLE = Automatic;
				CURRENT_PROJECT_VERSION = 1;
				GENERATE_INFOPLIST_FILE = YES;
				MARKETING_VERSION = 1.0;
				PRODUCT_BUNDLE_IDENTIFIER = LongJorney.MyBreathUITests;
				PRODUCT_NAME = "$(TARGET_NAME)";
				SWIFT_EMIT_LOC_STRINGS = NO;
				SWIFT_VERSION = 5.0;
				TARGETED_DEVICE_FAMILY = "1,2";
				TEST_TARGET_NAME = MyBreath;
			};
			name = Release;
		};
/* End XCBuildConfiguration section */

/* Begin XCConfigurationList section */
		55144A782C19A76F00748AE5 /* Build configuration list for PBXProject "MyBreath" */ = {
			isa = XCConfigurationList;
			buildConfigurations = (
				55144A9F2C19A77100748AE5 /* Debug */,
				55144AA02C19A77100748AE5 /* Release */,
			);
			defaultConfigurationIsVisible = 0;
			defaultConfigurationName = Release;
		};
		55144AA12C19A77100748AE5 /* Build configuration list for PBXNativeTarget "MyBreath" */ = {
			isa = XCConfigurationList;
			buildConfigurations = (
				55144AA22C19A77100748AE5 /* Debug */,
				55144AA32C19A77100748AE5 /* Release */,
			);
			defaultConfigurationIsVisible = 0;
			defaultConfigurationName = Release;
		};
		55144AA42C19A77100748AE5 /* Build configuration list for PBXNativeTarget "MyBreathTests" */ = {
			isa = XCConfigurationList;
			buildConfigurations = (
				55144AA52C19A77100748AE5 /* Debug */,
				55144AA62C19A77100748AE5 /* Release */,
			);
			defaultConfigurationIsVisible = 0;
			defaultConfigurationName = Release;
		};
		55144AA72C19A77100748AE5 /* Build configuration list for PBXNativeTarget "MyBreathUITests" */ = {
			isa = XCConfigurationList;
			buildConfigurations = (
				55144AA82C19A77100748AE5 /* Debug */,
				55144AA92C19A77100748AE5 /* Release */,
			);
			defaultConfigurationIsVisible = 0;
			defaultConfigurationName = Release;
		};
/* End XCConfigurationList section */

/* Begin XCRemoteSwiftPackageReference section */
		55144AB92C19F8E500748AE5 /* XCRemoteSwiftPackageReference "SwiftSVG" */ = {
			isa = XCRemoteSwiftPackageReference;
			repositoryURL = "https://github.com/mchoe/SwiftSVG";
			requirement = {
				branch = master;
				kind = branch;
			};
		};
/* End XCRemoteSwiftPackageReference section */

/* Begin XCSwiftPackageProductDependency section */
		55144ABA2C19F8E500748AE5 /* SwiftSVG */ = {
			isa = XCSwiftPackageProductDependency;
			package = 55144AB92C19F8E500748AE5 /* XCRemoteSwiftPackageReference "SwiftSVG" */;
			productName = SwiftSVG;
		};
/* End XCSwiftPackageProductDependency section */
	};
	rootObject = 55144A752C19A76F00748AE5 /* Project object */;
}
